Microsoft Visual Studio Solution File, Format Version 12.00
# Visual Studio Version 17
VisualStudioVersion = 17.5.2.0
MinimumVisualStudioVersion = 10.0.40219.1
Project("{FAE04EC0-301F-11D3-BF4B-00C04F79EFBC}") = "Binary trees", "Binary trees.csproj", "{21AF105A-8614-3F15-06F7-17FE17D81F4C}"
EndProject
Global
	GlobalSection(SolutionConfigurationPlatforms) = preSolution
		Debug|Any CPU = Debug|Any CPU
		Release|Any CPU = Release|Any CPU
	EndGlobalSection
	GlobalSection(ProjectConfigurationPlatforms) = postSolution
		{21AF105A-8614-3F15-06F7-17FE17D81F4C}.Debug|Any CPU.ActiveCfg = Debug|Any CPU
		{21AF105A-8614-3F15-06F7-17FE17D81F4C}.Debug|Any CPU.Build.0 = Debug|Any CPU
		{21AF105A-8614-3F15-06F7-17FE17D81F4C}.Release|Any CPU.ActiveCfg = Release|Any CPU
		{21AF105A-8614-3F15-06F7-17FE17D81F4C}.Release|Any CPU.Build.0 = Release|Any CPU
	EndGlobalSection
	GlobalSection(SolutionProperties) = preSolution
		HideSolutionNode = FALSE
	EndGlobalSection
	GlobalSection(ExtensibilityGlobals) = postSolution
		SolutionGuid = {267DD731-2348-4580-AF84-8183089627A5}
	EndGlobalSection
EndGlobal
